
Microsoft Visual Studio Solution File, Format Version 12.00
# Visual Studio Version 17
VisualStudioVersion = 17.4.33103.184
MinimumVisualStudioVersion = 10.0.40219.1
Project("{FAE04EC0-301F-11D3-BF4B-00C04F79EFBC}") = "Mekashron", "Mekashron\Mekashron.csproj", "{D2987C7A-E9CD-43C4-B05C-1F3344398327}"
EndProject
Global
	GlobalSection(SolutionConfigurationPlatforms) = preSolution
		Debug|Any CPU = Debug|Any CPU
		Release|Any CPU = Release|Any CPU
	EndGlobalSection
	GlobalSection(ProjectConfigurationPlatforms) = postSolution
		{D2987C7A-E9CD-43C4-B05C-1F3344398327}.Debug|Any CPU.ActiveCfg = Debug|Any CPU
		{D2987C7A-E9CD-43C4-B05C-1F3344398327}.Debug|Any CPU.Build.0 = Debug|Any CPU
		{D2987C7A-E9CD-43C4-B05C-1F3344398327}.Release|Any CPU.ActiveCfg = Release|Any CPU
		{D2987C7A-E9CD-43C4-B05C-1F3344398327}.Release|Any CPU.Build.0 = Release|Any CPU
	EndGlobalSection
	GlobalSection(SolutionProperties) = preSolution
		HideSolutionNode = FALSE
	EndGlobalSection
	GlobalSection(ExtensibilityGlobals) = postSolution
		SolutionGuid = {81BFB313-5156-47CA-9161-4A4A070961DE}
	EndGlobalSection
EndGlobal
